
Microsoft Visual Studio Solution File, Format Version 12.00
# Visual Studio Version 16
VisualStudioVersion = 16.0.34601.136
MinimumVisualStudioVersion = 10.0.40219.1
Project("{FAE04EC0-301F-11D3-BF4B-00C04F79EFBC}") = "Fintech Vaults", "Fintech Vaults\Fintech Vaults.csproj", "{1AB832C8-2FB4-4E86-BBEA-9D6703D65145}"
EndProject
Global
	GlobalSection(SolutionConfigurationPlatforms) = preSolution
		Debug|Any CPU = Debug|Any CPU
		Release|Any CPU = Release|Any CPU
	EndGlobalSection
	GlobalSection(ProjectConfigurationPlatforms) = postSolution
		{1AB832C8-2FB4-4E86-BBEA-9D6703D65145}.Debug|Any CPU.ActiveCfg = Debug|Any CPU
		{1AB832C8-2FB4-4E86-BBEA-9D6703D65145}.Debug|Any CPU.Build.0 = Debug|Any CPU
		{1AB832C8-2FB4-4E86-BBEA-9D6703D65145}.Release|Any CPU.ActiveCfg = Release|Any CPU
		{1AB832C8-2FB4-4E86-BBEA-9D6703D65145}.Release|Any CPU.Build.0 = Release|Any CPU
	EndGlobalSection
	GlobalSection(SolutionProperties) = preSolution
		HideSolutionNode = FALSE
	EndGlobalSection
	GlobalSection(ExtensibilityGlobals) = postSolution
		SolutionGuid = {4BE48627-F286-4745-BA86-862650406D0C}
	EndGlobalSection
EndGlobal
